<Solution>
  <Configurations>
    <Platform Name="Any CPU" />
    <Platform Name="x64" />
    <Platform Name="x86" />
  </Configurations>
  <Folder Name="/src/">
    <Project Path="src/TwdSaveEditor.Bootstrap/TwdSaveEditor.Bootstrap.csproj" />
    <Project Path="src/TwdSaveEditor.Core.Binary/TwdSaveEditor.Core.Binary.csproj" />
    <Project Path="src/TwdSaveEditor.Core/TwdSaveEditor.Core.csproj" />
    <Project Path="src/TwdSaveEditor.Season.Base/TwdSaveEditor.Season.Base.csproj" />
    <Project Path="src/TwdSaveEditor.Season.Common/TwdSaveEditor.Season.Common.csproj" />
    <Project Path="src/TwdSaveEditor.Season.Michonne/TwdSaveEditor.Season.Michonne.csproj" />
    <Project Path="src/TwdSaveEditor.Season.S1/TwdSaveEditor.Season.S1.csproj" />
    <Project Path="src/TwdSaveEditor.Season.S2/TwdSaveEditor.Season.S2.csproj" />
    <Project Path="src/TwdSaveEditor.Season.S3/TwdSaveEditor.Season.S3.csproj" />
    <Project Path="src/TwdSaveEditor.Season.S4/TwdSaveEditor.Season.S4.csproj" />
    <Project Path="src/TwdSaveEditor.UI/TwdSaveEditor.UI.csproj" />
    <Project Path="src/TwdSaveEditor.Web/TwdSaveEditor.Web.csproj" />
  </Folder>
  <Folder Name="/tests/">
    <Project Path="tests/TwdSaveEditor.Core.Binary.Tests/TwdSaveEditor.Core.Binary.Tests.csproj" />
    <Project Path="tests/TwdSaveEditor.Core.Tests/TwdSaveEditor.Core.Tests.csproj" />
    <Project Path="tests/TwdSaveEditor.Playwright/TwdSaveEditor.Playwright.csproj" />
    <Project Path="tests/TwdSaveEditor.Season.Base.Tests/TwdSaveEditor.Season.Base.Tests.csproj" />
    <Project Path="tests/TwdSaveEditor.Season.Common.Tests/TwdSaveEditor.Season.Common.Tests.csproj" />
    <Project Path="tests/TwdSaveEditor.Season.Michonne.Tests/TwdSaveEditor.Season.Michonne.Tests.csproj" />
    <Project Path="tests/TwdSaveEditor.Season.S1.Tests/TwdSaveEditor.Season.S1.Tests.csproj" />
    <Project Path="tests/TwdSaveEditor.Season.S2.Tests/TwdSaveEditor.Season.S2.Tests.csproj" />
    <Project Path="tests/TwdSaveEditor.Season.S3.Tests/TwdSaveEditor.Season.S3.Tests.csproj" />
    <Project Path="tests/TwdSaveEditor.Season.S4.Tests/TwdSaveEditor.Season.S4.Tests.csproj" />
    <Project Path="tests/TwdSaveEditor.Tests.Common/TwdSaveEditor.Tests.Common.csproj" />
  </Folder>
  <Folder Name="/tools/">
    <Project Path="tools/TwdSaveEditor.Tools.AnalyzeSaves/TwdSaveEditor.Tools.AnalyzeSaves.csproj" />
    <Project Path="tools/TwdSaveEditor.Tools.BuildCheckpoint/TwdSaveEditor.Tools.BuildCheckpoint.csproj" />
    <Project Path="tools/TwdSaveEditor.Tools.Common/TwdSaveEditor.Tools.Common.csproj" />
    <Project Path="tools/TwdSaveEditor.Tools.CreateEndEpisodeEstore/TwdSaveEditor.Tools.CreateEndEpisodeEstore.csproj" />
    <Project Path="tools/TwdSaveEditor.Tools.DecodeEstore/TwdSaveEditor.Tools.DecodeEstore.csproj" />
    <Project Path="tools/TwdSaveEditor.Tools.DumpBundle/TwdSaveEditor.Tools.DumpBundle.csproj" />
    <Project Path="tools/TwdSaveEditor.Tools.DumpDialog/TwdSaveEditor.Tools.DumpDialog.csproj" />
    <Project Path="tools/TwdSaveEditor.Tools.DumpMetadata/TwdSaveEditor.Tools.DumpMetadata.csproj" />
    <Project Path="tools/TwdSaveEditor.Tools.EditSave/TwdSaveEditor.Tools.EditSave.csproj" />
    <Project Path="tools/TwdSaveEditor.Tools.ExtractAllChoices/TwdSaveEditor.Tools.ExtractAllChoices.csproj" />
    <Project Path="tools/TwdSaveEditor.Tools.ExtractArchive/TwdSaveEditor.Tools.ExtractArchive.csproj" />
    <Project Path="tools/TwdSaveEditor.Tools.ExtractChapters/TwdSaveEditor.Tools.ExtractChapters.csproj" />
    <Project Path="tools/TwdSaveEditor.Tools.ExtractKey/TwdSaveEditor.Tools.ExtractKey.csproj" />
    <Project Path="tools/TwdSaveEditor.Tools.ExtractNodeMappings/TwdSaveEditor.Tools.ExtractNodeMappings.csproj" />
    <Project Path="tools/TwdSaveEditor.Tools.ExtractScenes/TwdSaveEditor.Tools.ExtractScenes.csproj" />
    <Project Path="tools/TwdSaveEditor.Tools.ExtractSeason1Choices/TwdSaveEditor.Tools.ExtractSeason1Choices.csproj" />
    <Project Path="tools/TwdSaveEditor.Tools.ExtractResumePoints/TwdSaveEditor.Tools.ExtractResumePoints.csproj" />
    <Project Path="tools/TwdSaveEditor.Tools.ExtractDecisions/TwdSaveEditor.Tools.ExtractDecisions.csproj" />
    <Project Path="tools/TwdSaveEditor.Tools.FinalValidation/TwdSaveEditor.Tools.FinalValidation.csproj" />
    <Project Path="tools/TwdSaveEditor.Tools.Symbols/TwdSaveEditor.Tools.Symbols.csproj" />
    <Project Path="tools/TwdSaveEditor.Tools.TtarchDecrypt/TwdSaveEditor.Tools.TtarchDecrypt.csproj" />
    <Project Path="tools/TwdSaveEditor.Tools.ValidateEditedSaves/TwdSaveEditor.Tools.ValidateEditedSaves.csproj" />
    <Project Path="tools/TwdSaveEditor.Tools.ValidateSaves/TwdSaveEditor.Tools.ValidateSaves.csproj" />
    <Project Path="tools/TwdSaveEditor.Tools.VerifyRoundTrip/TwdSaveEditor.Tools.VerifyRoundTrip.csproj" />
  </Folder>
</Solution>
